
Microsoft Visual Studio Solution File, Format Version 12.00
# Visual Studio 15
VisualStudioVersion = 15.0.27130.2024
MinimumVisualStudioVersion = 10.0.40219.1
Project("{FAE04EC0-301F-11D3-BF4B-00C04F79EFBC}") = "NIBTransactionListener", "NIBTransactionListener\NIBTransactionListener.csproj", "{A699E21F-0D1E-49B1-8CF5-750807ED4F18}"
EndProject
Global
	GlobalSection(SolutionConfigurationPlatforms) = preSolution
		Debug|Any CPU = Debug|Any CPU
		Release|Any CPU = Release|Any CPU
	EndGlobalSection
	GlobalSection(ProjectConfigurationPlatforms) = postSolution
		{A699E21F-0D1E-49B1-8CF5-750807ED4F18}.Debug|Any CPU.ActiveCfg = Debug|Any CPU
		{A699E21F-0D1E-49B1-8CF5-750807ED4F18}.Debug|Any CPU.Build.0 = Debug|Any CPU
		{A699E21F-0D1E-49B1-8CF5-750807ED4F18}.Release|Any CPU.ActiveCfg = Release|Any CPU
		{A699E21F-0D1E-49B1-8CF5-750807ED4F18}.Release|Any CPU.Build.0 = Release|Any CPU
	EndGlobalSection
	GlobalSection(SolutionProperties) = preSolution
		HideSolutionNode = FALSE
	EndGlobalSection
	GlobalSection(ExtensibilityGlobals) = postSolution
		SolutionGuid = {09E069A3-6395-4E52-B242-18EA3F4B07AF}
	EndGlobalSection
EndGlobal
